// !$*UTF8*$!
{
	archiveVersion = 1;
	classes = {
	};
	objectVersion = 50;
	objects = {

/* Begin PBXBuildFile section */
		53AD18322401F7BE0046A1E0 /* AppDelegate.swift in Sources */ = {isa = PBXBuildFile; fileRef = 53AD18312401F7BE0046A1E0 /* AppDelegate.swift */; };
		53AD18342401F7BE0046A1E0 /* SceneDelegate.swift in Sources */ = {isa = PBXBuildFile; fileRef = 53AD18332401F7BE0046A1E0 /* SceneDelegate.swift */; };
		53AD18362401F7BE0046A1E0 /* ContentView.swift in Sources */ = {isa = PBXBuildFile; fileRef = 53AD18352401F7BE0046A1E0 /* ContentView.swift */; };
		53AD18382401F7C00046A1E0 /* Assets.xcassets in Resources */ = {isa = PBXBuildFile; fileRef = 53AD18372401F7C00046A1E0 /* Assets.xcassets */; };
		53AD183B2401F7C00046A1E0 /* Preview Assets.xcassets in Resources */ = {isa = PBXBuildFile; fileRef = 53AD183A2401F7C00046A1E0 /* Preview Assets.xcassets */; };
		53AD183E2401F7C00046A1E0 /* LaunchScreen.storyboard in Resources */ = {isa = PBXBuildFile; fileRef = 53AD183C2401F7C00046A1E0 /* LaunchScreen.storyboard */; };
		53AD18472401FC200046A1E0 /* NetworkManager.swift in Sources */ = {isa = PBXBuildFile; fileRef = 53AD18462401FC200046A1E0 /* NetworkManager.swift */; };
		53AD1849240201490046A1E0 /* PostData.swift in Sources */ = {isa = PBXBuildFile; fileRef = 53AD1848240201490046A1E0 /* PostData.swift */; };
		53AD184C2402593D0046A1E0 /* DetailView.swift in Sources */ = {isa = PBXBuildFile; fileRef = 53AD184B2402593D0046A1E0 /* DetailView.swift */; };
		53AD184E24025FF30046A1E0 /* WebView.swift in Sources */ = {isa = PBXBuildFile; fileRef = 53AD184D24025FF30046A1E0 /* WebView.swift */; };
/* End PBXBuildFile section */

/* Begin PBXFileReference section */
		53AD182E2401F7BE0046A1E0 /* H4XOR News.app */ = {isa = PBXFileReference; explicitFileType = wrapper.application; includeInIndex = 0; path = "H4XOR News.app"; sourceTree = BUILT_PRODUCTS_DIR; };
		53AD18312401F7BE0046A1E0 /* AppDelegate.swift */ = {isa = PBXFileReference; lastKnownFileType = sourcecode.swift; path = AppDelegate.swift; sourceTree = "<group>"; };
		53AD18332401F7BE0046A1E0 /* SceneDelegate.swift */ = {isa = PBXFileReference; lastKnownFileType = sourcecode.swift; path = SceneDelegate.swift; sourceTree = "<group>"; };
		53AD18352401F7BE0046A1E0 /* ContentView.swift */ = {isa = PBXFileReference; lastKnownFileType = sourcecode.swift; path = ContentView.swift; sourceTree = "<group>"; };
		53AD18372401F7C00046A1E0 /* Assets.xcassets */ = {isa = PBXFileReference; lastKnownFileType = folder.assetcatalog; path = Assets.xcassets; sourceTree = "<group>"; };
		53AD183A2401F7C00046A1E0 /* Preview Assets.xcassets */ = {isa = PBXFileReference; lastKnownFileType = folder.assetcatalog; path = "Preview Assets.xcassets"; sourceTree = "<group>"; };
		53AD183D2401F7C00046A1E0 /* Base */ = {isa = PBXFileReference; lastKnownFileType = file.storyboard; name = Base; path = Base.lproj/LaunchScreen.storyboard; sourceTree = "<group>"; };
		53AD183F2401F7C00046A1E0 /* Info.plist */ = {isa = PBXFileReference; lastKnownFileType = text.plist.xml; path = Info.plist; sourceTree = "<group>"; };
		53AD18462401FC200046A1E0 /* NetworkManager.swift */ = {isa = PBXFileReference; lastKnownFileType = sourcecode.swift; path = NetworkManager.swift; sourceTree = "<group>"; };
		53AD1848240201490046A1E0 /* PostData.swift */ = {isa = PBXFileReference; lastKnownFileType = sourcecode.swift; path = PostData.swift; sourceTree = "<group>"; };
		53AD184B2402593D0046A1E0 /* DetailView.swift */ = {isa = PBXFileReference; lastKnownFileType = sourcecode.swift; path = DetailView.swift; sourceTree = "<group>"; };
		53AD184D24025FF30046A1E0 /* WebView.swift */ = {isa = PBXFileReference; lastKnownFileType = sourcecode.swift; path = WebView.swift; sourceTree = "<group>"; };
		53AD184F240263CE0046A1E0 /* H4XOR News.entitlements */ = {isa = PBXFileReference; lastKnownFileType = text.plist.entitlements; path = "H4XOR News.entitlements"; sourceTree = "<group>"; };
/* End PBXFileReference section */

/* Begin PBXFrameworksBuildPhase section */
		53AD182B2401F7BE0046A1E0 /* Frameworks */ = {
			isa = PBXFrameworksBuildPhase;
			buildActionMask = 2147483647;
			files = (
			);
			runOnlyForDeploymentPostprocessing = 0;
		};
/* End PBXFrameworksBuildPhase section */

/* Begin PBXGroup section */
		53AD18252401F7BE0046A1E0 = {
			isa = PBXGroup;
			children = (
				53AD18302401F7BE0046A1E0 /* H4XOR News */,
				53AD182F2401F7BE0046A1E0 /* Products */,
			);
			sourceTree = "<group>";
		};
		53AD182F2401F7BE0046A1E0 /* Products */ = {
			isa = PBXGroup;
			children = (
				53AD182E2401F7BE0046A1E0 /* H4XOR News.app */,
			);
			name = Products;
			sourceTree = "<group>";
		};
		53AD18302401F7BE0046A1E0 /* H4XOR News */ = {
			isa = PBXGroup;
			children = (
				53AD184F240263CE0046A1E0 /* H4XOR News.entitlements */,
				53AD184A240259130046A1E0 /* Views */,
				53AD18452401FBDE0046A1E0 /* Models */,
				53AD18312401F7BE0046A1E0 /* AppDelegate.swift */,
				53AD18332401F7BE0046A1E0 /* SceneDelegate.swift */,
				53AD18372401F7C00046A1E0 /* Assets.xcassets */,
				53AD183C2401F7C00046A1E0 /* LaunchScreen.storyboard */,
				53AD183F2401F7C00046A1E0 /* Info.plist */,
				53AD18392401F7C00046A1E0 /* Preview Content */,
			);
			path = "H4XOR News";
			sourceTree = "<group>";
		};
		53AD18392401F7C00046A1E0 /* Preview Content */ = {
			isa = PBXGroup;
			children = (
				53AD183A2401F7C00046A1E0 /* Preview Assets.xcassets */,
			);
			path = "Preview Content";
			sourceTree = "<group>";
		};
		53AD18452401FBDE0046A1E0 /* Models */ = {
			isa = PBXGroup;
			children = (
				53AD18462401FC200046A1E0 /* NetworkManager.swift */,
				53AD1848240201490046A1E0 /* PostData.swift */,
			);
			path = Models;
			sourceTree = "<group>";
		};
		53AD184A240259130046A1E0 /* Views */ = {
			isa = PBXGroup;
			children = (
				53AD18352401F7BE0046A1E0 /* ContentView.swift */,
				53AD184B2402593D0046A1E0 /* DetailView.swift */,
				53AD184D24025FF30046A1E0 /* WebView.swift */,
			);
			path = Views;
			sourceTree = "<group>";
		};
/* End PBXGroup section */

/* Begin PBXNativeTarget section */
		53AD182D2401F7BE0046A1E0 /* H4XOR News */ = {
			isa = PBXNativeTarget;
			buildConfigurationList = 53AD18422401F7C00046A1E0 /* Build configuration list for PBXNativeTarget "H4XOR News" */;
			buildPhases = (
				53AD182A2401F7BE0046A1E0 /* Sources */,
				53AD182B2401F7BE0046A1E0 /* Frameworks */,
				53AD182C2401F7BE0046A1E0 /* Resources */,
			);
			buildRules = (
			);
			dependencies = (
			);
			name = "H4XOR News";
			productName = "H4XOR News";
			productReference = 53AD182E2401F7BE0046A1E0 /* H4XOR News.app */;
			productType = "com.apple.product-type.application";
		};
/* End PBXNativeTarget section */

/* Begin PBXProject section */
		53AD18262401F7BE0046A1E0 /* Project object */ = {
			isa = PBXProject;
			attributes = {
				LastSwiftUpdateCheck = 1130;
				LastUpgradeCheck = 1130;
				ORGANIZATIONNAME = "Custom Development";
				TargetAttributes = {
					53AD182D2401F7BE0046A1E0 = {
						CreatedOnToolsVersion = 11.3.1;
					};
				};
			};
			buildConfigurationList = 53AD18292401F7BE0046A1E0 /* Build configuration list for PBXProject "H4XOR News" */;
			compatibilityVersion = "Xcode 9.3";
			developmentRegion = en;
			hasScannedForEncodings = 0;
			knownRegions = (
				en,
				Base,
			);
			mainGroup = 53AD18252401F7BE0046A1E0;
			productRefGroup = 53AD182F2401F7BE0046A1E0 /* Products */;
			projectDirPath = "";
			projectRoot = "";
			targets = (
				53AD182D2401F7BE0046A1E0 /* H4XOR News */,
			);
		};
/* End PBXProject section */

/* Begin PBXResourcesBuildPhase section */
		53AD182C2401F7BE0046A1E0 /* Resources */ = {
			isa = PBXResourcesBuildPhase;
			buildActionMask = 2147483647;
			files = (
				53AD183E2401F7C00046A1E0 /* LaunchScreen.storyboard in Resources */,
				53AD183B2401F7C00046A1E0 /* Preview Assets.xcassets in Resources */,
				53AD18382401F7C00046A1E0 /* Assets.xcassets in Resources */,
			);
			runOnlyForDeploymentPostprocessing = 0;
		};
/* End PBXResourcesBuildPhase section */

/* Begin PBXSourcesBuildPhase section */
		53AD182A2401F7BE0046A1E0 /* Sources */ = {
			isa = PBXSourcesBuildPhase;
			buildActionMask = 2147483647;
			files = (
				53AD1849240201490046A1E0 /* PostData.swift in Sources */,
				53AD184C2402593D0046A1E0 /* DetailView.swift in Sources */,
				53AD18472401FC200046A1E0 /* NetworkManager.swift in Sources */,
				53AD18322401F7BE0046A1E0 /* AppDelegate.swift in Sources */,
				53AD18342401F7BE0046A1E0 /* SceneDelegate.swift in Sources */,
				53AD18362401F7BE0046A1E0 /* ContentView.swift in Sources */,
				53AD184E24025FF30046A1E0 /* WebView.swift in Sources */,
			);
			runOnlyForDeploymentPostprocessing = 0;
		};
/* End PBXSourcesBuildPhase section */

/* Begin PBXVariantGroup section */
		53AD183C2401F7C00046A1E0 /* LaunchScreen.storyboard */ = {
			isa = PBXVariantGroup;
			children = (
				53AD183D2401F7C00046A1E0 /* Base */,
			);
			name = LaunchScreen.storyboard;
			sourceTree = "<group>";
		};
/* End PBXVariantGroup section */

/* Begin XCBuildConfiguration section */
		53AD18402401F7C00046A1E0 /* Debug */ = {
			isa = XCBuildConfiguration;
			buildSettings = {
				ALWAYS_SEARCH_USER_PATHS = NO;
				CLANG_ANALYZER_NONNULL = YES;
				CLANG_ANALYZER_NUMBER_OBJECT_CONVERSION = YES_AGGRESSIVE;
				CLANG_CXX_LANGUAGE_STANDARD = "gnu++14";
				CLANG_CXX_LIBRARY = "libc++";
				CLANG_ENABLE_MODULES = YES;
				CLANG_ENABLE_OBJC_ARC = YES;
				CLANG_ENABLE_OBJC_WEAK = YES;
				CLANG_WARN_BLOCK_CAPTURE_AUTORELEASING = YES;
				CLANG_WARN_BOOL_CONVERSION = YES;
				CLANG_WARN_COMMA = YES;
				CLANG_WARN_CONSTANT_CONVERSION = YES;
				CLANG_WARN_DEPRECATED_OBJC_IMPLEMENTATIONS = YES;
				CLANG_WARN_DIRECT_OBJC_ISA_USAGE = YES_ERROR;
				CLANG_WARN_DOCUMENTATION_COMMENTS = YES;
				CLANG_WARN_EMPTY_BODY = YES;
				CLANG_WARN_ENUM_CONVERSION = YES;
				CLANG_WARN_INFINITE_RECURSION = YES;
				CLANG_WARN_INT_CONVERSION = YES;
				CLANG_WARN_NON_LITERAL_NULL_CONVERSION = YES;
				CLANG_WARN_OBJC_IMPLICIT_RETAIN_SELF = YES;
				CLANG_WARN_OBJC_LITERAL_CONVERSION = YES;
				CLANG_WARN_OBJC_ROOT_CLASS = YES_ERROR;
				CLANG_WARN_RANGE_LOOP_ANALYSIS = YES;
				CLANG_WARN_STRICT_PROTOTYPES = YES;
				CLANG_WARN_SUSPICIOUS_MOVE = YES;
				CLANG_WARN_UNGUARDED_AVAILABILITY = YES_AGGRESSIVE;
				CLANG_WARN_UNREACHABLE_CODE = YES;
				CLANG_WARN__DUPLICATE_METHOD_MATCH = YES;
				COPY_PHASE_STRIP = NO;
				DEBUG_INFORMATION_FORMAT = dwarf;
				ENABLE_STRICT_OBJC_MSGSEND = YES;
				ENABLE_TESTABILITY = YES;
				GCC_C_LANGUAGE_STANDARD = gnu11;
				GCC_DYNAMIC_NO_PIC = NO;
				GCC_NO_COMMON_BLOCKS = YES;
				GCC_OPTIMIZATION_LEVEL = 0;
				GCC_PREPROCESSOR_DEFINITIONS = (
					"DEBUG=1",
					"$(inherited)",
				);
				GCC_WARN_64_TO_32_BIT_CONVERSION = YES;
				GCC_WARN_ABOUT_RETURN_TYPE = YES_ERROR;
				GCC_WARN_UNDECLARED_SELECTOR = YES;
				GCC_WARN_UNINITIALIZED_AUTOS = YES_AGGRESSIVE;
				GCC_WARN_UNUSED_FUNCTION = YES;
				GCC_WARN_UNUSED_VARIABLE = YES;
				IPHONEOS_DEPLOYMENT_TARGET = 13.2;
				MTL_ENABLE_DEBUG_INFO = INCLUDE_SOURCE;
				MTL_FAST_MATH = YES;
				ONLY_ACTIVE_ARCH = YES;
				SDKROOT = iphoneos;
				SWIFT_ACTIVE_COMPILATION_CONDITIONS = DEBUG;
				SWIFT_OPTIMIZATION_LEVEL = "-Onone";
			};
			name = Debug;
		};
		53AD18412401F7C00046A1E0 /* Release */ = {
			isa = XCBuildConfiguration;
			buildSettings = {
				ALWAYS_SEARCH_USER_PATHS = NO;
				CLANG_ANALYZER_NONNULL = YES;
				CLANG_ANALYZER_NUMBER_OBJECT_CONVERSION = YES_AGGRESSIVE;
				CLANG_CXX_LANGUAGE_STANDARD = "gnu++14";
				CLANG_CXX_LIBRARY = "libc++";
				CLANG_ENABLE_MODULES = YES;
				CLANG_ENABLE_OBJC_ARC = YES;
				CLANG_ENABLE_OBJC_WEAK = YES;
				CLANG_WARN_BLOCK_CAPTURE_AUTORELEASING = YES;
				CLANG_WARN_BOOL_CONVERSION = YES;
				CLANG_WARN_COMMA = YES;
				CLANG_WARN_CONSTANT_CONVERSION = YES;
				CLANG_WARN_DEPRECATED_OBJC_IMPLEMENTATIONS = YES;
				CLANG_WARN_DIRECT_OBJC_ISA_USAGE = YES_ERROR;
				CLANG_WARN_DOCUMENTATION_COMMENTS = YES;
				CLANG_WARN_EMPTY_BODY = YES;
				CLANG_WARN_ENUM_CONVERSION = YES;
				CLANG_WARN_INFINITE_RECURSION = YES;
				CLANG_WARN_INT_CONVERSION = YES;
				CLANG_WARN_NON_LITERAL_NULL_CONVERSION = YES;
				CLANG_WARN_OBJC_IMPLICIT_RETAIN_SELF = YES;
				CLANG_WARN_OBJC_LITERAL_CONVERSION = YES;
				CLANG_WARN_OBJC_ROOT_CLASS = YES_ERROR;
				CLANG_WARN_RANGE_LOOP_ANALYSIS = YES;
				CLANG_WARN_STRICT_PROTOTYPES = YES;
				CLANG_WARN_SUSPICIOUS_MOVE = YES;
				CLANG_WARN_UNGUARDED_AVAILABILITY = YES_AGGRESSIVE;
				CLANG_WARN_UNREACHABLE_CODE = YES;
				CLANG_WARN__DUPLICATE_METHOD_MATCH = YES;
				COPY_PHASE_STRIP = NO;
				DEBUG_INFORMATION_FORMAT = "dwarf-with-dsym";
				ENABLE_NS_ASSERTIONS = NO;
				ENABLE_STRICT_OBJC_MSGSEND = YES;
				GCC_C_LANGUAGE_STANDARD = gnu11;
				GCC_NO_COMMON_BLOCKS = YES;
				GCC_WARN_64_TO_32_BIT_CONVERSION = YES;
				GCC_WARN_ABOUT_RETURN_TYPE = YES_ERROR;
				GCC_WARN_UNDECLARED_SELECTOR = YES;
				GCC_WARN_UNINITIALIZED_AUTOS = YES_AGGRESSIVE;
				GCC_WARN_UNUSED_FUNCTION = YES;
				GCC_WARN_UNUSED_VARIABLE = YES;
				IPHONEOS_DEPLOYMENT_TARGET = 13.2;
				MTL_ENABLE_DEBUG_INFO = NO;
				MTL_FAST_MATH = YES;
				SDKROOT = iphoneos;
				SWIFT_COMPILATION_MODE = wholemodule;
				SWIFT_OPTIMIZATION_LEVEL = "-O";
				VALIDATE_PRODUCT = YES;
			};
			name = Release;
		};
		53AD18432401F7C00046A1E0 /* Debug */ = {
			isa = XCBuildConfiguration;
			buildSettings = {
				ASSETCATALOG_COMPILER_APPICON_NAME = AppIcon;
				CODE_SIGN_ENTITLEMENTS = "H4XOR News/H4XOR News.entitlements";
				CODE_SIGN_STYLE = Automatic;
				DERIVE_MACCATALYST_PRODUCT_BUNDLE_IDENTIFIER = YES;
				DEVELOPMENT_ASSET_PATHS = "\"H4XOR News/Preview Content\"";
				DEVELOPMENT_TEAM = 3URHWHCC7C;
				ENABLE_PREVIEWS = YES;
				INFOPLIST_FILE = "H4XOR News/Info.plist";
				IPHONEOS_DEPLOYMENT_TARGET = 13.2;
				LD_RUNPATH_SEARCH_PATHS = (
					"$(inherited)",
					"@executable_path/Frameworks",
				);
				PRODUCT_BUNDLE_IDENTIFIER = "net.csharptech.H4XOR-News";
				PRODUCT_NAME = "$(TARGET_NAME)";
				SUPPORTS_MACCATALYST = YES;
				SWIFT_VERSION = 5.0;
				TARGETED_DEVICE_FAMILY = "1,2";
			};
			name = Debug;
		};
		53AD18442401F7C00046A1E0 /* Release */ = {
			isa = XCBuildConfiguration;
			buildSettings = {
				ASSETCATALOG_COMPILER_APPICON_NAME = AppIcon;
				CODE_SIGN_ENTITLEMENTS = "H4XOR News/H4XOR News.entitlements";
				CODE_SIGN_STYLE = Automatic;
				DERIVE_MACCATALYST_PRODUCT_BUNDLE_IDENTIFIER = YES;
				DEVELOPMENT_ASSET_PATHS = "\"H4XOR News/Preview Content\"";
				DEVELOPMENT_TEAM = 3URHWHCC7C;
				ENABLE_PREVIEWS = YES;
				INFOPLIST_FILE = "H4XOR News/Info.plist";
				IPHONEOS_DEPLOYMENT_TARGET = 13.2;
				LD_RUNPATH_SEARCH_PATHS = (
					"$(inherited)",
					"@executable_path/Frameworks",
				);
				PRODUCT_BUNDLE_IDENTIFIER = "net.csharptech.H4XOR-News";
				PRODUCT_NAME = "$(TARGET_NAME)";
				SUPPORTS_MACCATALYST = YES;
				SWIFT_VERSION = 5.0;
				TARGETED_DEVICE_FAMILY = "1,2";
			};
			name = Release;
		};
/* End XCBuildConfiguration section */

/* Begin XCConfigurationList section */
		53AD18292401F7BE0046A1E0 /* Build configuration list for PBXProject "H4XOR News" */ = {
			isa = XCConfigurationList;
			buildConfigurations = (
				53AD18402401F7C00046A1E0 /* Debug */,
				53AD18412401F7C00046A1E0 /* Release */,
			);
			defaultConfigurationIsVisible = 0;
			defaultConfigurationName = Release;
		};
		53AD18422401F7C00046A1E0 /* Build configuration list for PBXNativeTarget "H4XOR News" */ = {
			isa = XCConfigurationList;
			buildConfigurations = (
				53AD18432401F7C00046A1E0 /* Debug */,
				53AD18442401F7C00046A1E0 /* Release */,
			);
			defaultConfigurationIsVisible = 0;
			defaultConfigurationName = Release;
		};
/* End XCConfigurationList section */
	};
	rootObject = 53AD18262401F7BE0046A1E0 /* Project object */;
}
